
Microsoft Visual Studio Solution File, Format Version 12.00
# Visual Studio 15
VisualStudioVersion = 15.0.28307.421
MinimumVisualStudioVersion = 10.0.40219.1
Project("{FAE04EC0-301F-11D3-BF4B-00C04F79EFBC}") = "IncrementoDecremento", "IncrementoDecremento\IncrementoDecremento.csproj", "{613C236C-71F4-4434-A6FC-F0715F9A830E}"
EndProject
Project("{FAE04EC0-301F-11D3-BF4B-00C04F79EFBC}") = "Asignacion", "Asignacion\Asignacion.csproj", "{CFB6799A-862D-41E2-8E14-8051AFCD11EC}"
EndProject
Project("{FAE04EC0-301F-11D3-BF4B-00C04F79EFBC}") = "While01", "While01\While01.csproj", "{5122EA77-0D6E-4A93-943C-E7A8BEF20FBC}"
EndProject
Project("{FAE04EC0-301F-11D3-BF4B-00C04F79EFBC}") = "While02", "While02\While02.csproj", "{4377D67A-2462-4F88-897F-FD3372804ACE}"
EndProject
Project("{FAE04EC0-301F-11D3-BF4B-00C04F79EFBC}") = "While03", "While03\While03.csproj", "{A49349D4-004C-4E1A-9882-6F4DA3C1DA45}"
EndProject
Project("{FAE04EC0-301F-11D3-BF4B-00C04F79EFBC}") = "Do01", "Do01\Do01.csproj", "{E9F8768E-991A-4010-8EAD-4AD81517F521}"
EndProject
Project("{FAE04EC0-301F-11D3-BF4B-00C04F79EFBC}") = "Do02", "Do02\Do02.csproj", "{15246223-33D9-43B0-BA29-97955952D6CC}"
EndProject
Project("{FAE04EC0-301F-11D3-BF4B-00C04F79EFBC}") = "Do03", "Do03\Do03.csproj", "{63CCDE3D-323F-4B42-9457-D48C69DC85A4}"
EndProject
Project("{FAE04EC0-301F-11D3-BF4B-00C04F79EFBC}") = "Do04", "Do04\Do04.csproj", "{6D3F72B9-A4E7-4A04-8233-3FF0A5546AE1}"
EndProject
Project("{FAE04EC0-301F-11D3-BF4B-00C04F79EFBC}") = "Break01", "Break01\Break01.csproj", "{BFA64B05-595F-46E7-AAF5-EE6816767082}"
EndProject
Project("{FAE04EC0-301F-11D3-BF4B-00C04F79EFBC}") = "Continue01", "Continue01\Continue01.csproj", "{F5B1419E-FE30-4CB8-BA67-41CF4C89F615}"
EndProject
Project("{FAE04EC0-301F-11D3-BF4B-00C04F79EFBC}") = "13.-SumaNumerosImpares", "13.-SumaNumerosImpares\13.-SumaNumerosImpares.csproj", "{8ACED1F1-E387-44CE-9415-753F73EEE65D}"
EndProject
Project("{FAE04EC0-301F-11D3-BF4B-00C04F79EFBC}") = "20.-SumaFracciones", "20.-SumaFracciones\20.-SumaFracciones.csproj", "{C5AEA2AC-1BF0-4B08-A076-7A676881A67B}"
EndProject
Global
	GlobalSection(SolutionConfigurationPlatforms) = preSolution
		Debug|Any CPU = Debug|Any CPU
		Release|Any CPU = Release|Any CPU
	EndGlobalSection
	GlobalSection(ProjectConfigurationPlatforms) = postSolution
		{613C236C-71F4-4434-A6FC-F0715F9A830E}.Debug|Any CPU.ActiveCfg = Debug|Any CPU
		{613C236C-71F4-4434-A6FC-F0715F9A830E}.Debug|Any CPU.Build.0 = Debug|Any CPU
		{613C236C-71F4-4434-A6FC-F0715F9A830E}.Release|Any CPU.ActiveCfg = Release|Any CPU
		{613C236C-71F4-4434-A6FC-F0715F9A830E}.Release|Any CPU.Build.0 = Release|Any CPU
		{CFB6799A-862D-41E2-8E14-8051AFCD11EC}.Debug|Any CPU.ActiveCfg = Debug|Any CPU
		{CFB6799A-862D-41E2-8E14-8051AFCD11EC}.Debug|Any CPU.Build.0 = Debug|Any CPU
		{CFB6799A-862D-41E2-8E14-8051AFCD11EC}.Release|Any CPU.ActiveCfg = Release|Any CPU
		{CFB6799A-862D-41E2-8E14-8051AFCD11EC}.Release|Any CPU.Build.0 = Release|Any CPU
		{5122EA77-0D6E-4A93-943C-E7A8BEF20FBC}.Debug|Any CPU.ActiveCfg = Debug|Any CPU
		{5122EA77-0D6E-4A93-943C-E7A8BEF20FBC}.Debug|Any CPU.Build.0 = Debug|Any CPU
		{5122EA77-0D6E-4A93-943C-E7A8BEF20FBC}.Release|Any CPU.ActiveCfg = Release|Any CPU
		{5122EA77-0D6E-4A93-943C-E7A8BEF20FBC}.Release|Any CPU.Build.0 = Release|Any CPU
		{4377D67A-2462-4F88-897F-FD3372804ACE}.Debug|Any CPU.ActiveCfg = Debug|Any CPU
		{4377D67A-2462-4F88-897F-FD3372804ACE}.Debug|Any CPU.Build.0 = Debug|Any CPU
		{4377D67A-2462-4F88-897F-FD3372804ACE}.Release|Any CPU.ActiveCfg = Release|Any CPU
		{4377D67A-2462-4F88-897F-FD3372804ACE}.Release|Any CPU.Build.0 = Release|Any CPU
		{A49349D4-004C-4E1A-9882-6F4DA3C1DA45}.Debug|Any CPU.ActiveCfg = Debug|Any CPU
		{A49349D4-004C-4E1A-9882-6F4DA3C1DA45}.Debug|Any CPU.Build.0 = Debug|Any CPU
		{A49349D4-004C-4E1A-9882-6F4DA3C1DA45}.Release|Any CPU.ActiveCfg = Release|Any CPU
		{A49349D4-004C-4E1A-9882-6F4DA3C1DA45}.Release|Any CPU.Build.0 = Release|Any CPU
		{E9F8768E-991A-4010-8EAD-4AD81517F521}.Debug|Any CPU.ActiveCfg = Debug|Any CPU
		{E9F8768E-991A-4010-8EAD-4AD81517F521}.Debug|Any CPU.Build.0 = Debug|Any CPU
		{E9F8768E-991A-4010-8EAD-4AD81517F521}.Release|Any CPU.ActiveCfg = Release|Any CPU
		{E9F8768E-991A-4010-8EAD-4AD81517F521}.Release|Any CPU.Build.0 = Release|Any CPU
		{15246223-33D9-43B0-BA29-97955952D6CC}.Debug|Any CPU.ActiveCfg = Debug|Any CPU
		{15246223-33D9-43B0-BA29-97955952D6CC}.Debug|Any CPU.Build.0 = Debug|Any CPU
		{15246223-33D9-43B0-BA29-97955952D6CC}.Release|Any CPU.ActiveCfg = Release|Any CPU
		{15246223-33D9-43B0-BA29-97955952D6CC}.Release|Any CPU.Build.0 = Release|Any CPU
		{63CCDE3D-323F-4B42-9457-D48C69DC85A4}.Debug|Any CPU.ActiveCfg = Debug|Any CPU
		{63CCDE3D-323F-4B42-9457-D48C69DC85A4}.Debug|Any CPU.Build.0 = Debug|Any CPU
		{63CCDE3D-323F-4B42-9457-D48C69DC85A4}.Release|Any CPU.ActiveCfg = Release|Any CPU
		{63CCDE3D-323F-4B42-9457-D48C69DC85A4}.Release|Any CPU.Build.0 = Release|Any CPU
		{6D3F72B9-A4E7-4A04-8233-3FF0A5546AE1}.Debug|Any CPU.ActiveCfg = Debug|Any CPU
		{6D3F72B9-A4E7-4A04-8233-3FF0A5546AE1}.Debug|Any CPU.Build.0 = Debug|Any CPU
		{6D3F72B9-A4E7-4A04-8233-3FF0A5546AE1}.Release|Any CPU.ActiveCfg = Release|Any CPU
		{6D3F72B9-A4E7-4A04-8233-3FF0A5546AE1}.Release|Any CPU.Build.0 = Release|Any CPU
		{BFA64B05-595F-46E7-AAF5-EE6816767082}.Debug|Any CPU.ActiveCfg = Debug|Any CPU
		{BFA64B05-595F-46E7-AAF5-EE6816767082}.Debug|Any CPU.Build.0 = Debug|Any CPU
		{BFA64B05-595F-46E7-AAF5-EE6816767082}.Release|Any CPU.ActiveCfg = Release|Any CPU
		{BFA64B05-595F-46E7-AAF5-EE6816767082}.Release|Any CPU.Build.0 = Release|Any CPU
		{F5B1419E-FE30-4CB8-BA67-41CF4C89F615}.Debug|Any CPU.ActiveCfg = Debug|Any CPU
		{F5B1419E-FE30-4CB8-BA67-41CF4C89F615}.Debug|Any CPU.Build.0 = Debug|Any CPU
		{F5B1419E-FE30-4CB8-BA67-41CF4C89F615}.Release|Any CPU.ActiveCfg = Release|Any CPU
		{F5B1419E-FE30-4CB8-BA67-41CF4C89F615}.Release|Any CPU.Build.0 = Release|Any CPU
		{8ACED1F1-E387-44CE-9415-753F73EEE65D}.Debug|Any CPU.ActiveCfg = Debug|Any CPU
		{8ACED1F1-E387-44CE-9415-753F73EEE65D}.Debug|Any CPU.Build.0 = Debug|Any CPU
		{8ACED1F1-E387-44CE-9415-753F73EEE65D}.Release|Any CPU.ActiveCfg = Release|Any CPU
		{8ACED1F1-E387-44CE-9415-753F73EEE65D}.Release|Any CPU.Build.0 = Release|Any CPU
		{C5AEA2AC-1BF0-4B08-A076-7A676881A67B}.Debug|Any CPU.ActiveCfg = Debug|Any CPU
		{C5AEA2AC-1BF0-4B08-A076-7A676881A67B}.Debug|Any CPU.Build.0 = Debug|Any CPU
		{C5AEA2AC-1BF0-4B08-A076-7A676881A67B}.Release|Any CPU.ActiveCfg = Release|Any CPU
		{C5AEA2AC-1BF0-4B08-A076-7A676881A67B}.Release|Any CPU.Build.0 = Release|Any CPU
	EndGlobalSection
	GlobalSection(SolutionProperties) = preSolution
		HideSolutionNode = FALSE
	EndGlobalSection
	GlobalSection(ExtensibilityGlobals) = postSolution
		SolutionGuid = {BDD1C257-93ED-4084-8456-0A720998A2BB}
	EndGlobalSection
EndGlobal
